# THIS IS AN AUTOGENERATED FILE. DO NOT EDIT THIS FILE DIRECTLY.
# yarn lockfile v1


"@actions/core@^1.0.0", "@actions/core@^1.2.6":
  "integrity" "sha512-ZQYitnqiyBc3D+k7LsgSBmMDVkOVidaagDG7j3fOym77jNunWRuYx7VSHa9GNfFZh+zh61xsCjRj4JxMZlDqTA=="
  "resolved" "https://registry.yarnpkg.com/@actions/core/-/core-1.2.6.tgz"
  "version" "1.2.6"

"@actions/exec@^1.0.0":
  "integrity" "sha512-4DPChWow9yc9W3WqEbUj8Nr86xkpyE29ZzWjXucHItclLbEW6jr80Zx4nqv18QL6KK65+cifiQZXvnqgTV6oHw=="
  "resolved" "https://registry.yarnpkg.com/@actions/exec/-/exec-1.0.4.tgz"
  "version" "1.0.4"
  dependencies:
    "@actions/io" "^1.0.1"

"@actions/http-client@^1.0.8":
  "integrity" "sha512-0O4SsJ7q+MK0ycvXPl2e6bMXV7dxAXOGjrXS1eTF9s2S401Tp6c/P3c3Joz04QefC1J6Gt942Wl2jbm3f4mLcg=="
  "resolved" "https://registry.yarnpkg.com/@actions/http-client/-/http-client-1.0.9.tgz"
  "version" "1.0.9"
  dependencies:
    "tunnel" "0.0.6"

"@actions/io@^1.0.0", "@actions/io@^1.0.1":
  "integrity" "sha512-J8KuFqVPr3p6U8W93DOXlXW6zFvrQAJANdS+vw0YhusLIq+bszW8zmK2Fh1C2kDPX8FMvwIl1OUcFgvJoXLbAg=="
  "resolved" "https://registry.yarnpkg.com/@actions/io/-/io-1.0.2.tgz"
  "version" "1.0.2"

"@actions/tool-cache@^1.0.0":
  "integrity" "sha512-F+vwEDwfqcHMKuSkj79pihOnsAMv23EkG76nMpc82UsnXwyQdyEsktGxrB0SNtm7pRqTXEIOoAPTgrSQclXYTg=="
  "resolved" "https://registry.yarnpkg.com/@actions/tool-cache/-/tool-cache-1.6.1.tgz"
  "version" "1.6.1"
  dependencies:
    "@actions/core" "^1.2.6"
    "@actions/exec" "^1.0.0"
    "@actions/http-client" "^1.0.8"
    "@actions/io" "^1.0.1"
    "semver" "^6.1.0"
    "uuid" "^3.3.2"

"@types/node-fetch@^2.5.7":
  "integrity" "sha512-fbjI6ja0N5ZA8TV53RUqzsKNkl9fv8Oj3T7zxW7FGv1GSH7gwJaNF8dzCjrqKaxKeUpTz4yT1DaJFq/omNpGfw=="
  "resolved" "https://registry.yarnpkg.com/@types/node-fetch/-/node-fetch-2.5.8.tgz"
  "version" "2.5.8"
  dependencies:
    "@types/node" "*"
    "form-data" "^3.0.0"

"@types/node@*":
  "integrity" "sha512-vFHy/ezP5qI0rFgJ7aQnjDXwAMrG0KqqIH7tQG5PPv3BWBayOPIQNBjVc/P6hhdZfMx51REc6tfDNXHUio893g=="
  "resolved" "https://registry.yarnpkg.com/@types/node/-/node-14.14.31.tgz"
  "version" "14.14.31"

"asynckit@^0.4.0":
  "integrity" "sha1-x57Zf380y48robyXkLzDZkdLS3k="
  "resolved" "https://registry.yarnpkg.com/asynckit/-/asynckit-0.4.0.tgz"
  "version" "0.4.0"

"combined-stream@^1.0.8":
  "integrity" "sha512-FQN4MRfuJeHf7cBbBMJFXhKSDq+2kAArBlmRBvcvFE5BB1HZKXtSFASDhdlz9zOYwxh8lDdnvmMOe/+5cdoEdg=="
  "resolved" "https://registry.yarnpkg.com/combined-stream/-/combined-stream-1.0.8.tgz"
  "version" "1.0.8"
  dependencies:
    "delayed-stream" "~1.0.0"

"delayed-stream@~1.0.0":
  "integrity" "sha1-3zrhmayt+31ECqrgsp4icrJOxhk="
  "resolved" "https://registry.yarnpkg.com/delayed-stream/-/delayed-stream-1.0.0.tgz"
  "version" "1.0.0"

"form-data@^3.0.0":
  "integrity" "sha512-RHkBKtLWUVwd7SqRIvCZMEvAMoGUp0XU+seQiZejj0COz3RI3hWP4sCv3gZWWLjJTd7rGwcsF5eKZGii0r/hbg=="
  "resolved" "https://registry.yarnpkg.com/form-data/-/form-data-3.0.1.tgz"
  "version" "3.0.1"
  dependencies:
    "asynckit" "^0.4.0"
    "combined-stream" "^1.0.8"
    "mime-types" "^2.1.12"

"mime-db@1.46.0":
  "integrity" "sha512-svXaP8UQRZ5K7or+ZmfNhg2xX3yKDMUzqadsSqi4NCH/KomcH75MAMYAGVlvXn4+b/xOPhS3I2uHKRUzvjY7BQ=="
  "resolved" "https://registry.yarnpkg.com/mime-db/-/mime-db-1.46.0.tgz"
  "version" "1.46.0"

"mime-types@^2.1.12":
  "integrity" "sha512-Y/jMt/S5sR9OaqteJtslsFZKWOIIqMACsJSiHghlCAyhf7jfVYjKBmLiX8OgpWeW+fjJ2b+Az69aPFPkUOY6xQ=="
  "resolved" "https://registry.yarnpkg.com/mime-types/-/mime-types-2.1.29.tgz"
  "version" "2.1.29"
  dependencies:
    "mime-db" "1.46.0"

"node-fetch@^2.6.0":
  "integrity" "sha512-V4aYg89jEoVRxRb2fJdAg8FHvI7cEyYdVAh94HH0UIK8oJxUfkjlDQN9RbMx+bEjP7+ggMiFRprSti032Oipxw=="
  "resolved" "https://registry.yarnpkg.com/node-fetch/-/node-fetch-2.6.1.tgz"
  "version" "2.6.1"

"semver@^6.1.0", "semver@^6.1.1":
  "integrity" "sha512-b39TBaTSfV6yBrapU89p5fKekE2m/NwnDocOVruQFS1/veMgdzuPcnOM34M6CwxW8jH/lxEa5rBoDeUwu5HHTw=="
  "resolved" "https://registry.yarnpkg.com/semver/-/semver-6.3.0.tgz"
  "version" "6.3.0"

"tunnel@0.0.6":
  "integrity" "sha512-1h/Lnq9yajKY2PEbBadPXj3VxsDDu844OnaAo52UVmIzIvwwtBPIuNvkjuzBlTWpfJyUbG3ez0KSBibQkj4ojg=="
  "resolved" "https://registry.yarnpkg.com/tunnel/-/tunnel-0.0.6.tgz"
  "version" "0.0.6"

"upath@^1.2.0":
  "integrity" "sha512-aZwGpamFO61g3OlfT7OQCHqhGnW43ieH9WZeP7QxN/G/jS4jfqUkZxoryvJgVPEcrl5NL/ggHsSmLMHuH64Lhg=="
  "resolved" "https://registry.yarnpkg.com/upath/-/upath-1.2.0.tgz"
  "version" "1.2.0"

"uuid@^3.3.2":
  "integrity" "sha512-HjSDRw6gZE5JMggctHBcjVak08+KEVhSIiDzFnT9S9aegmp85S/bReBVTb4QTFaRNptJ9kuYaNhnbNEOkbKb/A=="
  "resolved" "https://registry.yarnpkg.com/uuid/-/uuid-3.4.0.tgz"
  "version" "3.4.0"
